{
  "name": "DCCAssignment",
  "lockfileVersion": 2,
  "requires": true,
  "packages": {
    "": {
      "dependencies": {
        "vue-slider-component": "^3.2.14"
      }
    },
    "node_modules/core-js": {
      "version": "3.16.3",
      "resolved": "https://registry.npmjs.org/core-js/-/core-js-3.16.3.tgz",
      "integrity": "sha512-lM3GftxzHNtPNUJg0v4pC2RC6puwMd6VZA7vXUczi+SKmCWSf4JwO89VJGMqbzmB7jlK7B5hr3S64PqwFL49cA==",
      "hasInstallScript": true,
      "funding": {
        "type": "opencollective",
        "url": "https://opencollective.com/core-js"
      }
    },
    "node_modules/vue": {
      "version": "2.6.14",
      "resolved": "https://registry.npmjs.org/vue/-/vue-2.6.14.tgz",
      "integrity": "sha512-x2284lgYvjOMj3Za7kqzRcUSxBboHqtgRE2zlos1qWaOye5yUmHn42LB1250NJBLRwEcdrB0JRwyPTEPhfQjiQ==",
      "peer": true
    },
    "node_modules/vue-class-component": {
      "version": "7.2.6",
      "resolved": "https://registry.npmjs.org/vue-class-component/-/vue-class-component-7.2.6.tgz",
      "integrity": "sha512-+eaQXVrAm/LldalI272PpDe3+i4mPis0ORiMYxF6Ae4hyuCh15W8Idet7wPUEs4N4YptgFHGys4UrgNQOMyO6w==",
      "peerDependencies": {
        "vue": "^2.0.0"
      }
    },
    "node_modules/vue-property-decorator": {
      "version": "8.5.1",
      "resolved": "https://registry.npmjs.org/vue-property-decorator/-/vue-property-decorator-8.5.1.tgz",
      "integrity": "sha512-O6OUN2OMsYTGPvgFtXeBU3jPnX5ffQ9V4I1WfxFQ6dqz6cOUbR3Usou7kgFpfiXDvV7dJQSFcJ5yUPgOtPPm1Q==",
      "dependencies": {
        "vue-class-component": "^7.1.0"
      },
      "peerDependencies": {
        "vue": "*"
      }
    },
    "node_modules/vue-slider-component": {
      "version": "3.2.14",
      "resolved": "https://registry.npmjs.org/vue-slider-component/-/vue-slider-component-3.2.14.tgz",
      "integrity": "sha512-h+1UJi4dtib6gt1GU/KUiHVGW9gqCNxCoqJK4iM9YgFeQu4AQu/wWg56RM5sOUhrbUA043+EqtvDfUtYARe+lQ==",
      "dependencies": {
        "core-js": "^3.6.5",
        "vue-property-decorator": "^8.0.0"
      }
    }
  },
  "dependencies": {
    "core-js": {
      "version": "3.16.3",
      "resolved": "https://registry.npmjs.org/core-js/-/core-js-3.16.3.tgz",
      "integrity": "sha512-lM3GftxzHNtPNUJg0v4pC2RC6puwMd6VZA7vXUczi+SKmCWSf4JwO89VJGMqbzmB7jlK7B5hr3S64PqwFL49cA=="
    },
    "vue": {
      "version": "2.6.14",
      "resolved": "https://registry.npmjs.org/vue/-/vue-2.6.14.tgz",
      "integrity": "sha512-x2284lgYvjOMj3Za7kqzRcUSxBboHqtgRE2zlos1qWaOye5yUmHn42LB1250NJBLRwEcdrB0JRwyPTEPhfQjiQ==",
      "peer": true
    },
    "vue-class-component": {
      "version": "7.2.6",
      "resolved": "https://registry.npmjs.org/vue-class-component/-/vue-class-component-7.2.6.tgz",
      "integrity": "sha512-+eaQXVrAm/LldalI272PpDe3+i4mPis0ORiMYxF6Ae4hyuCh15W8Idet7wPUEs4N4YptgFHGys4UrgNQOMyO6w==",
      "requires": {}
    },
    "vue-property-decorator": {
      "version": "8.5.1",
      "resolved": "https://registry.npmjs.org/vue-property-decorator/-/vue-property-decorator-8.5.1.tgz",
      "integrity": "sha512-O6OUN2OMsYTGPvgFtXeBU3jPnX5ffQ9V4I1WfxFQ6dqz6cOUbR3Usou7kgFpfiXDvV7dJQSFcJ5yUPgOtPPm1Q==",
      "requires": {
        "vue-class-component": "^7.1.0"
      }
    },
    "vue-slider-component": {
      "version": "3.2.14",
      "resolved": "https://registry.npmjs.org/vue-slider-component/-/vue-slider-component-3.2.14.tgz",
      "integrity": "sha512-h+1UJi4dtib6gt1GU/KUiHVGW9gqCNxCoqJK4iM9YgFeQu4AQu/wWg56RM5sOUhrbUA043+EqtvDfUtYARe+lQ==",
      "requires": {
        "core-js": "^3.6.5",
        "vue-property-decorator": "^8.0.0"
      }
    }
  }
}
